
Microsoft Visual Studio Solution File, Format Version 12.00
# Visual Studio Version 17
VisualStudioVersion = 17.5.33414.496
MinimumVisualStudioVersion = 10.0.40219.1
Project("{FAE04EC0-301F-11D3-BF4B-00C04F79EFBC}") = "задача 7", "задача 7\задача 7.csproj", "{0025FBDB-AADE-4BE5-80BD-D51D3C17F30A}"
EndProject
Global
	GlobalSection(SolutionConfigurationPlatforms) = preSolution
		Debug|Any CPU = Debug|Any CPU
		Release|Any CPU = Release|Any CPU
	EndGlobalSection
	GlobalSection(ProjectConfigurationPlatforms) = postSolution
		{0025FBDB-AADE-4BE5-80BD-D51D3C17F30A}.Debug|Any CPU.ActiveCfg = Debug|Any CPU
		{0025FBDB-AADE-4BE5-80BD-D51D3C17F30A}.Debug|Any CPU.Build.0 = Debug|Any CPU
		{0025FBDB-AADE-4BE5-80BD-D51D3C17F30A}.Release|Any CPU.ActiveCfg = Release|Any CPU
		{0025FBDB-AADE-4BE5-80BD-D51D3C17F30A}.Release|Any CPU.Build.0 = Release|Any CPU
	EndGlobalSection
	GlobalSection(SolutionProperties) = preSolution
		HideSolutionNode = FALSE
	EndGlobalSection
	GlobalSection(ExtensibilityGlobals) = postSolution
		SolutionGuid = {8C917A38-7948-40E5-87AB-41DA2765C492}
	EndGlobalSection
EndGlobal
